Microsoft Visual Studio Solution File, Format Version 12.00
# Visual Studio Version 17
VisualStudioVersion = 17.5.2.0
MinimumVisualStudioVersion = 10.0.40219.1
Project("{FAE04EC0-301F-11D3-BF4B-00C04F79EFBC}") = "ESILV_A2_S1_ConceptionBD", "ESILV_A2_S1_ConceptionBD.csproj", "{68C76202-7B3A-FCB3-8B91-1D70A02541D1}"
EndProject
Global
	GlobalSection(SolutionConfigurationPlatforms) = preSolution
		Debug|Any CPU = Debug|Any CPU
		Release|Any CPU = Release|Any CPU
	EndGlobalSection
	GlobalSection(ProjectConfigurationPlatforms) = postSolution
		{68C76202-7B3A-FCB3-8B91-1D70A02541D1}.Debug|Any CPU.ActiveCfg = Debug|Any CPU
		{68C76202-7B3A-FCB3-8B91-1D70A02541D1}.Debug|Any CPU.Build.0 = Debug|Any CPU
		{68C76202-7B3A-FCB3-8B91-1D70A02541D1}.Release|Any CPU.ActiveCfg = Release|Any CPU
		{68C76202-7B3A-FCB3-8B91-1D70A02541D1}.Release|Any CPU.Build.0 = Release|Any CPU
	EndGlobalSection
	GlobalSection(SolutionProperties) = preSolution
		HideSolutionNode = FALSE
	EndGlobalSection
	GlobalSection(ExtensibilityGlobals) = postSolution
		SolutionGuid = {C60BF829-1C94-4FBB-A288-366AFC159D2B}
	EndGlobalSection
EndGlobal
